<?xml version="1.0" encoding="utf-8"?>
<Project ToolsVersion="4.0" xmlns="http://schemas.microsoft.com/developer/msbuild/2003">
  <ItemGroup>
    <Filter Include="main">
      <UniqueIdentifier>{51d3396e-daf2-49e8-9445-24489f6b6f65}</UniqueIdentifier>
    </Filter>
    <Filter Include="lib">
      <UniqueIdentifier>{4f4920c5-a62d-40d5-b0e6-837d6612c725}</UniqueIdentifier>
    </Filter>
    <Filter Include="domain">
      <UniqueIdentifier>{ddd3ca4c-8044-4049-9ca5-640cfbdfd889}</UniqueIdentifier>
    </Filter>
    <Filter Include="data">
      <UniqueIdentifier>{812b72e7-4ccb-493d-8472-134ab922eef4}</UniqueIdentifier>
    </Filter>
  </ItemGroup>
  <ItemGroup>
    <ClCompile Include="main.cpp">
      <Filter>main</Filter>
    </ClCompile>
  </ItemGroup>
  <ItemGroup>
    <ClInclude Include="lib.h">
      <Filter>lib</Filter>
    </ClInclude>
    <ClInclude Include="domain.h">
      <Filter>domain</Filter>
    </ClInclude>
  </ItemGroup>
  <ItemGroup>
    <None Include="books.csv">
      <Filter>data</Filter>
    </None>
    <None Include="readers.csv">
      <Filter>data</Filter>
    </None>
  </ItemGroup>
</Project>